// !$*UTF8*$!
{
	archiveVersion = 1;
	classes = {
	};
	objectVersion = 50;
	objects = {

/* Begin PBXBuildFile section */
		2BDC3D5D269E863D00963F76 /* AppDelegate.m in Sources */ = {isa = PBXBuildFile; fileRef = 2BDC3D5C269E863D00963F76 /* AppDelegate.m */; };
		2BDC3D68269E864000963F76 /* Assets.xcassets in Resources */ = {isa = PBXBuildFile; fileRef = 2BDC3D67269E864000963F76 /* Assets.xcassets */; };
		2BDC3D6B269E864000963F76 /* LaunchScreen.storyboard in Resources */ = {isa = PBXBuildFile; fileRef = 2BDC3D69269E864000963F76 /* LaunchScreen.storyboard */; };
		2BDC3D6E269E864000963F76 /* main.m in Sources */ = {isa = PBXBuildFile; fileRef = 2BDC3D6D269E864000963F76 /* main.m */; };
		2BDC3D75269E93C000963F76 /* images.bundle in Resources */ = {isa = PBXBuildFile; fileRef = 2BDC3D74269E93C000963F76 /* images.bundle */; };
		2BDC3D9F26A0419900963F76 /* PrivacyViewController.m in Sources */ = {isa = PBXBuildFile; fileRef = 2BDC3D9E26A0419900963F76 /* PrivacyViewController.m */; };
		2BDC3DA226A0461800963F76 /* CommentViewController.m in Sources */ = {isa = PBXBuildFile; fileRef = 2BDC3DA126A0461800963F76 /* CommentViewController.m */; };
		2BDC3DA526A046B400963F76 /* DuetViewController.m in Sources */ = {isa = PBXBuildFile; fileRef = 2BDC3DA426A046B400963F76 /* DuetViewController.m */; };
		2BDC3DA826A046C900963F76 /* StitchViewController.m in Sources */ = {isa = PBXBuildFile; fileRef = 2BDC3DA726A046C900963F76 /* StitchViewController.m */; };
		2BDC3DAB26A046E400963F76 /* LikedVideoViewController.m in Sources */ = {isa = PBXBuildFile; fileRef = 2BDC3DAA26A046E400963F76 /* LikedVideoViewController.m */; };
		2BDC3DAE26A046FB00963F76 /* DirectMessageViewController.m in Sources */ = {isa = PBXBuildFile; fileRef = 2BDC3DAD26A046FB00963F76 /* DirectMessageViewController.m */; };
		2BDC3DB126A0488D00963F76 /* DownloadsViewController.m in Sources */ = {isa = PBXBuildFile; fileRef = 2BDC3DB026A0488D00963F76 /* DownloadsViewController.m */; };
		2BDC3DB726A1260800963F76 /* PrivacySetDescription.m in Sources */ = {isa = PBXBuildFile; fileRef = 2BDC3DB626A1260800963F76 /* PrivacySetDescription.m */; };
		2BDC3DBE26A15D9200963F76 /* BlockedAccountsViewController.m in Sources */ = {isa = PBXBuildFile; fileRef = 2BDC3DBD26A15D9200963F76 /* BlockedAccountsViewController.m */; };
		2BDC3DC026A17B4D00963F76 /* State.plist in Resources */ = {isa = PBXBuildFile; fileRef = 2BDC3DBF26A17B4C00963F76 /* State.plist */; };
/* End PBXBuildFile section */

/* Begin PBXFileReference section */
		2BDC3D58269E863D00963F76 /* Demo.app */ = {isa = PBXFileReference; explicitFileType = wrapper.application; includeInIndex = 0; path = Demo.app; sourceTree = BUILT_PRODUCTS_DIR; };
		2BDC3D5B269E863D00963F76 /* AppDelegate.h */ = {isa = PBXFileReference; lastKnownFileType = sourcecode.c.h; path = AppDelegate.h; sourceTree = "<group>"; };
		2BDC3D5C269E863D00963F76 /* AppDelegate.m */ = {isa = PBXFileReference; lastKnownFileType = sourcecode.c.objc; path = AppDelegate.m; sourceTree = "<group>"; };
		2BDC3D67269E864000963F76 /* Assets.xcassets */ = {isa = PBXFileReference; lastKnownFileType = folder.assetcatalog; path = Assets.xcassets; sourceTree = "<group>"; };
		2BDC3D6A269E864000963F76 /* Base */ = {isa = PBXFileReference; lastKnownFileType = file.storyboard; name = Base; path = Base.lproj/LaunchScreen.storyboard; sourceTree = "<group>"; };
		2BDC3D6C269E864000963F76 /* Info.plist */ = {isa = PBXFileReference; lastKnownFileType = text.plist.xml; path = Info.plist; sourceTree = "<group>"; };
		2BDC3D6D269E864000963F76 /* main.m */ = {isa = PBXFileReference; lastKnownFileType = sourcecode.c.objc; path = main.m; sourceTree = "<group>"; };
		2BDC3D74269E93C000963F76 /* images.bundle */ = {isa = PBXFileReference; lastKnownFileType = "wrapper.plug-in"; path = images.bundle; sourceTree = "<group>"; };
		2BDC3D76269EF79100963F76 /* proximanova.ttf */ = {isa = PBXFileReference; lastKnownFileType = file; name = proximanova.ttf; path = ../../../Downloads/font445/proximanova.ttf; sourceTree = "<group>"; };
		2BDC3D9D26A0419900963F76 /* PrivacyViewController.h */ = {isa = PBXFileReference; lastKnownFileType = sourcecode.c.h; path = PrivacyViewController.h; sourceTree = "<group>"; };
		2BDC3D9E26A0419900963F76 /* PrivacyViewController.m */ = {isa = PBXFileReference; lastKnownFileType = sourcecode.c.objc; path = PrivacyViewController.m; sourceTree = "<group>"; };
		2BDC3DA026A0461800963F76 /* CommentViewController.h */ = {isa = PBXFileReference; lastKnownFileType = sourcecode.c.h; path = CommentViewController.h; sourceTree = "<group>"; };
		2BDC3DA126A0461800963F76 /* CommentViewController.m */ = {isa = PBXFileReference; lastKnownFileType = sourcecode.c.objc; path = CommentViewController.m; sourceTree = "<group>"; };
		2BDC3DA326A046B400963F76 /* DuetViewController.h */ = {isa = PBXFileReference; lastKnownFileType = sourcecode.c.h; path = DuetViewController.h; sourceTree = "<group>"; };
		2BDC3DA426A046B400963F76 /* DuetViewController.m */ = {isa = PBXFileReference; lastKnownFileType = sourcecode.c.objc; path = DuetViewController.m; sourceTree = "<group>"; };
		2BDC3DA626A046C900963F76 /* StitchViewController.h */ = {isa = PBXFileReference; lastKnownFileType = sourcecode.c.h; path = StitchViewController.h; sourceTree = "<group>"; };
		2BDC3DA726A046C900963F76 /* StitchViewController.m */ = {isa = PBXFileReference; lastKnownFileType = sourcecode.c.objc; path = StitchViewController.m; sourceTree = "<group>"; };
		2BDC3DA926A046E400963F76 /* LikedVideoViewController.h */ = {isa = PBXFileReference; lastKnownFileType = sourcecode.c.h; path = LikedVideoViewController.h; sourceTree = "<group>"; };
		2BDC3DAA26A046E400963F76 /* LikedVideoViewController.m */ = {isa = PBXFileReference; lastKnownFileType = sourcecode.c.objc; path = LikedVideoViewController.m; sourceTree = "<group>"; };
		2BDC3DAC26A046FB00963F76 /* DirectMessageViewController.h */ = {isa = PBXFileReference; lastKnownFileType = sourcecode.c.h; path = DirectMessageViewController.h; sourceTree = "<group>"; };
		2BDC3DAD26A046FB00963F76 /* DirectMessageViewController.m */ = {isa = PBXFileReference; lastKnownFileType = sourcecode.c.objc; path = DirectMessageViewController.m; sourceTree = "<group>"; };
		2BDC3DAF26A0488D00963F76 /* DownloadsViewController.h */ = {isa = PBXFileReference; lastKnownFileType = sourcecode.c.h; path = DownloadsViewController.h; sourceTree = "<group>"; };
		2BDC3DB026A0488D00963F76 /* DownloadsViewController.m */ = {isa = PBXFileReference; lastKnownFileType = sourcecode.c.objc; path = DownloadsViewController.m; sourceTree = "<group>"; };
		2BDC3DB526A1260800963F76 /* PrivacySetDescription.h */ = {isa = PBXFileReference; lastKnownFileType = sourcecode.c.h; path = PrivacySetDescription.h; sourceTree = "<group>"; };
		2BDC3DB626A1260800963F76 /* PrivacySetDescription.m */ = {isa = PBXFileReference; lastKnownFileType = sourcecode.c.objc; path = PrivacySetDescription.m; sourceTree = "<group>"; };
		2BDC3DBC26A15D9200963F76 /* BlockedAccountsViewController.h */ = {isa = PBXFileReference; lastKnownFileType = sourcecode.c.h; path = BlockedAccountsViewController.h; sourceTree = "<group>"; };
		2BDC3DBD26A15D9200963F76 /* BlockedAccountsViewController.m */ = {isa = PBXFileReference; lastKnownFileType = sourcecode.c.objc; path = BlockedAccountsViewController.m; sourceTree = "<group>"; };
		2BDC3DBF26A17B4C00963F76 /* State.plist */ = {isa = PBXFileReference; lastKnownFileType = text.plist.xml; path = State.plist; sourceTree = "<group>"; };
/* End PBXFileReference section */

/* Begin PBXFrameworksBuildPhase section */
		2BDC3D55269E863D00963F76 /* Frameworks */ = {
			isa = PBXFrameworksBuildPhase;
			buildActionMask = 2147483647;
			files = (
			);
			runOnlyForDeploymentPostprocessing = 0;
		};
/* End PBXFrameworksBuildPhase section */

/* Begin PBXGroup section */
		2BDC3D4F269E863D00963F76 = {
			isa = PBXGroup;
			children = (
				2BDC3D5A269E863D00963F76 /* Demo */,
				2BDC3D59269E863D00963F76 /* Products */,
			);
			sourceTree = "<group>";
		};
		2BDC3D59269E863D00963F76 /* Products */ = {
			isa = PBXGroup;
			children = (
				2BDC3D58269E863D00963F76 /* Demo.app */,
			);
			name = Products;
			sourceTree = "<group>";
		};
		2BDC3D5A269E863D00963F76 /* Demo */ = {
			isa = PBXGroup;
			children = (
				2BDC3D5B269E863D00963F76 /* AppDelegate.h */,
				2BDC3D5C269E863D00963F76 /* AppDelegate.m */,
				2BDC3D74269E93C000963F76 /* images.bundle */,
				2BDC3D9D26A0419900963F76 /* PrivacyViewController.h */,
				2BDC3DBC26A15D9200963F76 /* BlockedAccountsViewController.h */,
				2BDC3DBD26A15D9200963F76 /* BlockedAccountsViewController.m */,
				2BDC3D9E26A0419900963F76 /* PrivacyViewController.m */,
				2BDC3DBF26A17B4C00963F76 /* State.plist */,
				2BDC3DB526A1260800963F76 /* PrivacySetDescription.h */,
				2BDC3DB626A1260800963F76 /* PrivacySetDescription.m */,
				2BDC3DA026A0461800963F76 /* CommentViewController.h */,
				2BDC3D76269EF79100963F76 /* proximanova.ttf */,
				2BDC3DA326A046B400963F76 /* DuetViewController.h */,
				2BDC3DA426A046B400963F76 /* DuetViewController.m */,
				2BDC3DA626A046C900963F76 /* StitchViewController.h */,
				2BDC3DA726A046C900963F76 /* StitchViewController.m */,
				2BDC3DA926A046E400963F76 /* LikedVideoViewController.h */,
				2BDC3DAA26A046E400963F76 /* LikedVideoViewController.m */,
				2BDC3DAC26A046FB00963F76 /* DirectMessageViewController.h */,
				2BDC3DAD26A046FB00963F76 /* DirectMessageViewController.m */,
				2BDC3DAF26A0488D00963F76 /* DownloadsViewController.h */,
				2BDC3DB026A0488D00963F76 /* DownloadsViewController.m */,
				2BDC3DA126A0461800963F76 /* CommentViewController.m */,
				2BDC3D67269E864000963F76 /* Assets.xcassets */,
				2BDC3D69269E864000963F76 /* LaunchScreen.storyboard */,
				2BDC3D6C269E864000963F76 /* Info.plist */,
				2BDC3D6D269E864000963F76 /* main.m */,
			);
			path = Demo;
			sourceTree = "<group>";
		};
/* End PBXGroup section */

/* Begin PBXNativeTarget section */
		2BDC3D57269E863D00963F76 /* Demo */ = {
			isa = PBXNativeTarget;
			buildConfigurationList = 2BDC3D71269E864000963F76 /* Build configuration list for PBXNativeTarget "Demo" */;
			buildPhases = (
				2BDC3D54269E863D00963F76 /* Sources */,
				2BDC3D55269E863D00963F76 /* Frameworks */,
				2BDC3D56269E863D00963F76 /* Resources */,
			);
			buildRules = (
			);
			dependencies = (
			);
			name = Demo;
			productName = Demo;
			productReference = 2BDC3D58269E863D00963F76 /* Demo.app */;
			productType = "com.apple.product-type.application";
		};
/* End PBXNativeTarget section */

/* Begin PBXProject section */
		2BDC3D50269E863D00963F76 /* Project object */ = {
			isa = PBXProject;
			attributes = {
				LastUpgradeCheck = 1250;
				TargetAttributes = {
					2BDC3D57269E863D00963F76 = {
						CreatedOnToolsVersion = 12.5.1;
					};
				};
			};
			buildConfigurationList = 2BDC3D53269E863D00963F76 /* Build configuration list for PBXProject "Demo" */;
			compatibilityVersion = "Xcode 9.3";
			developmentRegion = en;
			hasScannedForEncodings = 0;
			knownRegions = (
				en,
				Base,
			);
			mainGroup = 2BDC3D4F269E863D00963F76;
			productRefGroup = 2BDC3D59269E863D00963F76 /* Products */;
			projectDirPath = "";
			projectRoot = "";
			targets = (
				2BDC3D57269E863D00963F76 /* Demo */,
			);
		};
/* End PBXProject section */

/* Begin PBXResourcesBuildPhase section */
		2BDC3D56269E863D00963F76 /* Resources */ = {
			isa = PBXResourcesBuildPhase;
			buildActionMask = 2147483647;
			files = (
				2BDC3D6B269E864000963F76 /* LaunchScreen.storyboard in Resources */,
				2BDC3D75269E93C000963F76 /* images.bundle in Resources */,
				2BDC3DC026A17B4D00963F76 /* State.plist in Resources */,
				2BDC3D68269E864000963F76 /* Assets.xcassets in Resources */,
			);
			runOnlyForDeploymentPostprocessing = 0;
		};
/* End PBXResourcesBuildPhase section */

/* Begin PBXSourcesBuildPhase section */
		2BDC3D54269E863D00963F76 /* Sources */ = {
			isa = PBXSourcesBuildPhase;
			buildActionMask = 2147483647;
			files = (
				2BDC3DBE26A15D9200963F76 /* BlockedAccountsViewController.m in Sources */,
				2BDC3D5D269E863D00963F76 /* AppDelegate.m in Sources */,
				2BDC3DA526A046B400963F76 /* DuetViewController.m in Sources */,
				2BDC3DA826A046C900963F76 /* StitchViewController.m in Sources */,
				2BDC3DB726A1260800963F76 /* PrivacySetDescription.m in Sources */,
				2BDC3DAB26A046E400963F76 /* LikedVideoViewController.m in Sources */,
				2BDC3D6E269E864000963F76 /* main.m in Sources */,
				2BDC3DAE26A046FB00963F76 /* DirectMessageViewController.m in Sources */,
				2BDC3DA226A0461800963F76 /* CommentViewController.m in Sources */,
				2BDC3DB126A0488D00963F76 /* DownloadsViewController.m in Sources */,
				2BDC3D9F26A0419900963F76 /* PrivacyViewController.m in Sources */,
			);
			runOnlyForDeploymentPostprocessing = 0;
		};
/* End PBXSourcesBuildPhase section */

/* Begin PBXVariantGroup section */
		2BDC3D69269E864000963F76 /* LaunchScreen.storyboard */ = {
			isa = PBXVariantGroup;
			children = (
				2BDC3D6A269E864000963F76 /* Base */,
			);
			name = LaunchScreen.storyboard;
			sourceTree = "<group>";
		};
/* End PBXVariantGroup section */

/* Begin XCBuildConfiguration section */
		2BDC3D6F269E864000963F76 /* Debug */ = {
			isa = XCBuildConfiguration;
			buildSettings = {
				ALWAYS_SEARCH_USER_PATHS = NO;
				CLANG_ANALYZER_NONNULL = YES;
				CLANG_ANALYZER_NUMBER_OBJECT_CONVERSION = YES_AGGRESSIVE;
				CLANG_CXX_LANGUAGE_STANDARD = "gnu++14";
				CLANG_CXX_LIBRARY = "libc++";
				CLANG_ENABLE_MODULES = YES;
				CLANG_ENABLE_OBJC_ARC = YES;
				CLANG_ENABLE_OBJC_WEAK = YES;
				CLANG_WARN_BLOCK_CAPTURE_AUTORELEASING = YES;
				CLANG_WARN_BOOL_CONVERSION = YES;
				CLANG_WARN_COMMA = YES;
				CLANG_WARN_CONSTANT_CONVERSION = YES;
				CLANG_WARN_DEPRECATED_OBJC_IMPLEMENTATIONS = YES;
				CLANG_WARN_DIRECT_OBJC_ISA_USAGE = YES_ERROR;
				CLANG_WARN_DOCUMENTATION_COMMENTS = YES;
				CLANG_WARN_EMPTY_BODY = YES;
				CLANG_WARN_ENUM_CONVERSION = YES;
				CLANG_WARN_INFINITE_RECURSION = YES;
				CLANG_WARN_INT_CONVERSION = YES;
				CLANG_WARN_NON_LITERAL_NULL_CONVERSION = YES;
				CLANG_WARN_OBJC_IMPLICIT_RETAIN_SELF = YES;
				CLANG_WARN_OBJC_LITERAL_CONVERSION = YES;
				CLANG_WARN_OBJC_ROOT_CLASS = YES_ERROR;
				CLANG_WARN_QUOTED_INCLUDE_IN_FRAMEWORK_HEADER = YES;
				CLANG_WARN_RANGE_LOOP_ANALYSIS = YES;
				CLANG_WARN_STRICT_PROTOTYPES = YES;
				CLANG_WARN_SUSPICIOUS_MOVE = YES;
				CLANG_WARN_UNGUARDED_AVAILABILITY = YES_AGGRESSIVE;
				CLANG_WARN_UNREACHABLE_CODE = YES;
				CLANG_WARN__DUPLICATE_METHOD_MATCH = YES;
				COPY_PHASE_STRIP = NO;
				DEBUG_INFORMATION_FORMAT = dwarf;
				ENABLE_STRICT_OBJC_MSGSEND = YES;
				ENABLE_TESTABILITY = YES;
				GCC_C_LANGUAGE_STANDARD = gnu11;
				GCC_DYNAMIC_NO_PIC = NO;
				GCC_NO_COMMON_BLOCKS = YES;
				GCC_OPTIMIZATION_LEVEL = 0;
				GCC_PREPROCESSOR_DEFINITIONS = (
					"DEBUG=1",
					"$(inherited)",
				);
				GCC_WARN_64_TO_32_BIT_CONVERSION = YES;
				GCC_WARN_ABOUT_RETURN_TYPE = YES_ERROR;
				GCC_WARN_UNDECLARED_SELECTOR = YES;
				GCC_WARN_UNINITIALIZED_AUTOS = YES_AGGRESSIVE;
				GCC_WARN_UNUSED_FUNCTION = YES;
				GCC_WARN_UNUSED_VARIABLE = YES;
				IPHONEOS_DEPLOYMENT_TARGET = 14.5;
				MTL_ENABLE_DEBUG_INFO = INCLUDE_SOURCE;
				MTL_FAST_MATH = YES;
				ONLY_ACTIVE_ARCH = YES;
				SDKROOT = iphoneos;
			};
			name = Debug;
		};
		2BDC3D70269E864000963F76 /* Release */ = {
			isa = XCBuildConfiguration;
			buildSettings = {
				ALWAYS_SEARCH_USER_PATHS = NO;
				CLANG_ANALYZER_NONNULL = YES;
				CLANG_ANALYZER_NUMBER_OBJECT_CONVERSION = YES_AGGRESSIVE;
				CLANG_CXX_LANGUAGE_STANDARD = "gnu++14";
				CLANG_CXX_LIBRARY = "libc++";
				CLANG_ENABLE_MODULES = YES;
				CLANG_ENABLE_OBJC_ARC = YES;
				CLANG_ENABLE_OBJC_WEAK = YES;
				CLANG_WARN_BLOCK_CAPTURE_AUTORELEASING = YES;
				CLANG_WARN_BOOL_CONVERSION = YES;
				CLANG_WARN_COMMA = YES;
				CLANG_WARN_CONSTANT_CONVERSION = YES;
				CLANG_WARN_DEPRECATED_OBJC_IMPLEMENTATIONS = YES;
				CLANG_WARN_DIRECT_OBJC_ISA_USAGE = YES_ERROR;
				CLANG_WARN_DOCUMENTATION_COMMENTS = YES;
				CLANG_WARN_EMPTY_BODY = YES;
				CLANG_WARN_ENUM_CONVERSION = YES;
				CLANG_WARN_INFINITE_RECURSION = YES;
				CLANG_WARN_INT_CONVERSION = YES;
				CLANG_WARN_NON_LITERAL_NULL_CONVERSION = YES;
				CLANG_WARN_OBJC_IMPLICIT_RETAIN_SELF = YES;
				CLANG_WARN_OBJC_LITERAL_CONVERSION = YES;
				CLANG_WARN_OBJC_ROOT_CLASS = YES_ERROR;
				CLANG_WARN_QUOTED_INCLUDE_IN_FRAMEWORK_HEADER = YES;
				CLANG_WARN_RANGE_LOOP_ANALYSIS = YES;
				CLANG_WARN_STRICT_PROTOTYPES = YES;
				CLANG_WARN_SUSPICIOUS_MOVE = YES;
				CLANG_WARN_UNGUARDED_AVAILABILITY = YES_AGGRESSIVE;
				CLANG_WARN_UNREACHABLE_CODE = YES;
				CLANG_WARN__DUPLICATE_METHOD_MATCH = YES;
				COPY_PHASE_STRIP = NO;
				DEBUG_INFORMATION_FORMAT = "dwarf-with-dsym";
				ENABLE_NS_ASSERTIONS = NO;
				ENABLE_STRICT_OBJC_MSGSEND = YES;
				GCC_C_LANGUAGE_STANDARD = gnu11;
				GCC_NO_COMMON_BLOCKS = YES;
				GCC_WARN_64_TO_32_BIT_CONVERSION = YES;
				GCC_WARN_ABOUT_RETURN_TYPE = YES_ERROR;
				GCC_WARN_UNDECLARED_SELECTOR = YES;
				GCC_WARN_UNINITIALIZED_AUTOS = YES_AGGRESSIVE;
				GCC_WARN_UNUSED_FUNCTION = YES;
				GCC_WARN_UNUSED_VARIABLE = YES;
				IPHONEOS_DEPLOYMENT_TARGET = 14.5;
				MTL_ENABLE_DEBUG_INFO = NO;
				MTL_FAST_MATH = YES;
				SDKROOT = iphoneos;
				VALIDATE_PRODUCT = YES;
			};
			name = Release;
		};
		2BDC3D72269E864000963F76 /* Debug */ = {
			isa = XCBuildConfiguration;
			buildSettings = {
				ASSETCATALOG_COMPILER_APPICON_NAME = AppIcon;
				ASSETCATALOG_COMPILER_GLOBAL_ACCENT_COLOR_NAME = AccentColor;
				CODE_SIGN_STYLE = Automatic;
				DEVELOPMENT_TEAM = FJU22H8TLJ;
				INFOPLIST_FILE = Demo/Info.plist;
				LD_RUNPATH_SEARCH_PATHS = (
					"$(inherited)",
					"@executable_path/Frameworks",
				);
				PRODUCT_BUNDLE_IDENTIFIER = com.dsh.Demo;
				PRODUCT_NAME = "$(TARGET_NAME)";
				TARGETED_DEVICE_FAMILY = "1,2";
			};
			name = Debug;
		};
		2BDC3D73269E864000963F76 /* Release */ = {
			isa = XCBuildConfiguration;
			buildSettings = {
				ASSETCATALOG_COMPILER_APPICON_NAME = AppIcon;
				ASSETCATALOG_COMPILER_GLOBAL_ACCENT_COLOR_NAME = AccentColor;
				CODE_SIGN_STYLE = Automatic;
				DEVELOPMENT_TEAM = FJU22H8TLJ;
				INFOPLIST_FILE = Demo/Info.plist;
				LD_RUNPATH_SEARCH_PATHS = (
					"$(inherited)",
					"@executable_path/Frameworks",
				);
				PRODUCT_BUNDLE_IDENTIFIER = com.dsh.Demo;
				PRODUCT_NAME = "$(TARGET_NAME)";
				TARGETED_DEVICE_FAMILY = "1,2";
			};
			name = Release;
		};
/* End XCBuildConfiguration section */

/* Begin XCConfigurationList section */
		2BDC3D53269E863D00963F76 /* Build configuration list for PBXProject "Demo" */ = {
			isa = XCConfigurationList;
			buildConfigurations = (
				2BDC3D6F269E864000963F76 /* Debug */,
				2BDC3D70269E864000963F76 /* Release */,
			);
			defaultConfigurationIsVisible = 0;
			defaultConfigurationName = Release;
		};
		2BDC3D71269E864000963F76 /* Build configuration list for PBXNativeTarget "Demo" */ = {
			isa = XCConfigurationList;
			buildConfigurations = (
				2BDC3D72269E864000963F76 /* Debug */,
				2BDC3D73269E864000963F76 /* Release */,
			);
			defaultConfigurationIsVisible = 0;
			defaultConfigurationName = Release;
		};
/* End XCConfigurationList section */
	};
	rootObject = 2BDC3D50269E863D00963F76 /* Project object */;
}
